
Microsoft Visual Studio Solution File, Format Version 12.00
# Visual Studio Version 17
VisualStudioVersion = 17.4.33213.308
MinimumVisualStudioVersion = 10.0.40219.1
Project("{FAE04EC0-301F-11D3-BF4B-00C04F79EFBC}") = "BankingApplication", "BankingApplication1\BankingApplication.csproj", "{35C2AA59-6736-46EE-9AB1-7F0ABDE01EE2}"
EndProject
Global
	GlobalSection(SolutionConfigurationPlatforms) = preSolution
		Debug|Any CPU = Debug|Any CPU
		Release|Any CPU = Release|Any CPU
	EndGlobalSection
	GlobalSection(ProjectConfigurationPlatforms) = postSolution
		{35C2AA59-6736-46EE-9AB1-7F0ABDE01EE2}.Debug|Any CPU.ActiveCfg = Debug|Any CPU
		{35C2AA59-6736-46EE-9AB1-7F0ABDE01EE2}.Debug|Any CPU.Build.0 = Debug|Any CPU
		{35C2AA59-6736-46EE-9AB1-7F0ABDE01EE2}.Release|Any CPU.ActiveCfg = Release|Any CPU
		{35C2AA59-6736-46EE-9AB1-7F0ABDE01EE2}.Release|Any CPU.Build.0 = Release|Any CPU
	EndGlobalSection
	GlobalSection(SolutionProperties) = preSolution
		HideSolutionNode = FALSE
	EndGlobalSection
	GlobalSection(ExtensibilityGlobals) = postSolution
		SolutionGuid = {17811463-365C-468B-A11D-B77CBF30B6DC}
	EndGlobalSection
EndGlobal
